// !$*UTF8*$!
{
	archiveVersion = 1;
	classes = {
	};
	objectVersion = 56;
	objects = {

/* Begin PBXBuildFile section */
		2A01275A2BCFC00C00A19895 /* HomeMenuView.swift in Sources */ = {isa = PBXBuildFile; fileRef = 2A0127592BCFC00C00A19895 /* HomeMenuView.swift */; };
		2A01275C2BCFC04A00A19895 /* HomeFavoritedBusListView.swift in Sources */ = {isa = PBXBuildFile; fileRef = 2A01275B2BCFC04A00A19895 /* HomeFavoritedBusListView.swift */; };
		2A023FD32B78E96A00123A1E /* CustomButton.swift in Sources */ = {isa = PBXBuildFile; fileRef = 2A023FD22B78E96A00123A1E /* CustomButton.swift */; };
		2A0DA7D02BBFF0B200F234A5 /* BusListView.swift in Sources */ = {isa = PBXBuildFile; fileRef = 2A0DA7CF2BBFF0B200F234A5 /* BusListView.swift */; };
		2A14BCD42AED365F00867A0B /* SnapKit in Frameworks */ = {isa = PBXBuildFile; productRef = 2A14BCD32AED365F00867A0B /* SnapKit */; };
		2A14BCD82AED37E300867A0B /* Constants.swift in Sources */ = {isa = PBXBuildFile; fileRef = 2A14BCD72AED37E300867A0B /* Constants.swift */; };
		2A23A8B12B499C67007F7B74 /* UIView+addBorder.swift in Sources */ = {isa = PBXBuildFile; fileRef = 2A23A8B02B499C67007F7B74 /* UIView+addBorder.swift */; };
		2A25E3532BC5281F00A18086 /* BusDetailSheetView.swift in Sources */ = {isa = PBXBuildFile; fileRef = 2A25E3522BC5281F00A18086 /* BusDetailSheetView.swift */; };
		2A25E3552BC5323900A18086 /* View+roundSpecificCorners.swift in Sources */ = {isa = PBXBuildFile; fileRef = 2A25E3542BC5323900A18086 /* View+roundSpecificCorners.swift */; };
		2A42A7202BD3C58C0058B5F9 /* MappingModelV1ToV2.xcmappingmodel in Sources */ = {isa = PBXBuildFile; fileRef = 2A42A71F2BD3C58C0058B5F9 /* MappingModelV1ToV2.xcmappingmodel */; };
		2A4AC84E2A67CDF500B216B7 /* BusTimetableManager.swift in Sources */ = {isa = PBXBuildFile; fileRef = 2A4AC84D2A67CDF500B216B7 /* BusTimetableManager.swift */; };
		2A5C37042BC68A170070CD62 /* TimetableView.swift in Sources */ = {isa = PBXBuildFile; fileRef = 2A5C37032BC68A170070CD62 /* TimetableView.swift */; };
		2A629D5A2AF0F94B00BBE5C8 /* whenMyBusGo++Bundle.swift in Sources */ = {isa = PBXBuildFile; fileRef = 2A629D592AF0F94B00BBE5C8 /* whenMyBusGo++Bundle.swift */; };
		2A678B372A65451900E4C360 /* .gitignore in Resources */ = {isa = PBXBuildFile; fileRef = 2A678B362A65451900E4C360 /* .gitignore */; };
		2A6E3CD92A573CEB0012FCAF /* whenMyBusGo.xcdatamodeld in Sources */ = {isa = PBXBuildFile; fileRef = 2A6E3CD72A573CEB0012FCAF /* whenMyBusGo.xcdatamodeld */; };
		2A6E3CDB2A573CEC0012FCAF /* Assets.xcassets in Resources */ = {isa = PBXBuildFile; fileRef = 2A6E3CDA2A573CEC0012FCAF /* Assets.xcassets */; };
		2A6F6DD82AF12703008B23ED /* UrlList.plist in Resources */ = {isa = PBXBuildFile; fileRef = 2A6F6DD72AF12703008B23ED /* UrlList.plist */; };
		2A746B972AED6BF800CB7AE6 /* BusTimetable.swift in Sources */ = {isa = PBXBuildFile; fileRef = 2A746B962AED6BF800CB7AE6 /* BusTimetable.swift */; };
		2A822E5B2B861E2900CC4249 /* WebKit.framework in Frameworks */ = {isa = PBXBuildFile; fileRef = 2A822E5A2B861E2900CC4249 /* WebKit.framework */; };
		2A822E5F2B8631DA00CC4249 /* WebViewManager.swift in Sources */ = {isa = PBXBuildFile; fileRef = 2A822E5E2B8631DA00CC4249 /* WebViewManager.swift */; };
		2A860ABF2B6F7AA600A48997 /* HexColor.swift in Sources */ = {isa = PBXBuildFile; fileRef = 2A860ABE2B6F7AA600A48997 /* HexColor.swift */; };
		2A9713102BAF105600E31C1C /* WhenYangsanBusGoApp.swift in Sources */ = {isa = PBXBuildFile; fileRef = 2A97130F2BAF105600E31C1C /* WhenYangsanBusGoApp.swift */; };
		2A9713122BAF127800E31C1C /* HomeView.swift in Sources */ = {isa = PBXBuildFile; fileRef = 2A9713112BAF127800E31C1C /* HomeView.swift */; };
		2A9E128D2BCA8C5300FB487F /* BusInfoView.swift in Sources */ = {isa = PBXBuildFile; fileRef = 2A9E128C2BCA8C5300FB487F /* BusInfoView.swift */; };
		2A9E12922BCE6C2400FB487F /* FooterView.swift in Sources */ = {isa = PBXBuildFile; fileRef = 2A9E12912BCE6C2400FB487F /* FooterView.swift */; };
		2A9E12942BCE8C8900FB487F /* CategoryButton.swift in Sources */ = {isa = PBXBuildFile; fileRef = 2A9E12932BCE8C8900FB487F /* CategoryButton.swift */; };
		2AC06A932B7CFCA700DA6570 /* CoreDataManager.swift in Sources */ = {isa = PBXBuildFile; fileRef = 2AC06A922B7CFCA700DA6570 /* CoreDataManager.swift */; };
		2AC06AAA2B7D184400DA6570 /* FavoritedBus+CoreDataClass.swift in Sources */ = {isa = PBXBuildFile; fileRef = 2AC06AA82B7D184400DA6570 /* FavoritedBus+CoreDataClass.swift */; };
		2AC06AAB2B7D184400DA6570 /* FavoritedBus+CoreDataProperties.swift in Sources */ = {isa = PBXBuildFile; fileRef = 2AC06AA92B7D184400DA6570 /* FavoritedBus+CoreDataProperties.swift */; };
		2AD3CE912AED2F9C00C29702 /* TimeUtils.swift in Sources */ = {isa = PBXBuildFile; fileRef = 2AD3CE902AED2F9C00C29702 /* TimeUtils.swift */; };
		2AEDF3BF2B11823900A7E1DB /* busDatas.json in Resources */ = {isa = PBXBuildFile; fileRef = 2AEDF3BE2B11823900A7E1DB /* busDatas.json */; };
		2AF06BC92C130315000B8B3B /* View+SafeAreaPadding.swift in Sources */ = {isa = PBXBuildFile; fileRef = 2AF06BC82C130315000B8B3B /* View+SafeAreaPadding.swift */; };
		2AF5A5F22B71286300F794CE /* MenuData.swift in Sources */ = {isa = PBXBuildFile; fileRef = 2AF5A5F12B71286300F794CE /* MenuData.swift */; };
		2AF5A5F42B714C6700F794CE /* UIImage+resizeImage.swift in Sources */ = {isa = PBXBuildFile; fileRef = 2AF5A5F32B714C6700F794CE /* UIImage+resizeImage.swift */; };
/* End PBXBuildFile section */

/* Begin PBXFileReference section */
		2A0127592BCFC00C00A19895 /* HomeMenuView.swift */ = {isa = PBXFileReference; lastKnownFileType = sourcecode.swift; path = HomeMenuView.swift; sourceTree = "<group>"; };
		2A01275B2BCFC04A00A19895 /* HomeFavoritedBusListView.swift */ = {isa = PBXFileReference; lastKnownFileType = sourcecode.swift; path = HomeFavoritedBusListView.swift; sourceTree = "<group>"; };
		2A023FD22B78E96A00123A1E /* CustomButton.swift */ = {isa = PBXFileReference; lastKnownFileType = sourcecode.swift; path = CustomButton.swift; sourceTree = "<group>"; };
		2A0DA7CF2BBFF0B200F234A5 /* BusListView.swift */ = {isa = PBXFileReference; lastKnownFileType = sourcecode.swift; path = BusListView.swift; sourceTree = "<group>"; };
		2A14BCD72AED37E300867A0B /* Constants.swift */ = {isa = PBXFileReference; lastKnownFileType = sourcecode.swift; path = Constants.swift; sourceTree = "<group>"; };
		2A23A8B02B499C67007F7B74 /* UIView+addBorder.swift */ = {isa = PBXFileReference; lastKnownFileType = sourcecode.swift; path = "UIView+addBorder.swift"; sourceTree = "<group>"; };
		2A25E3522BC5281F00A18086 /* BusDetailSheetView.swift */ = {isa = PBXFileReference; lastKnownFileType = sourcecode.swift; path = BusDetailSheetView.swift; sourceTree = "<group>"; };
		2A25E3542BC5323900A18086 /* View+roundSpecificCorners.swift */ = {isa = PBXFileReference; lastKnownFileType = sourcecode.swift; path = "View+roundSpecificCorners.swift"; sourceTree = "<group>"; };
		2A42A7162BD3B72B0058B5F9 /* whenMyBusGo v2.xcdatamodel */ = {isa = PBXFileReference; lastKnownFileType = wrapper.xcdatamodel; path = "whenMyBusGo v2.xcdatamodel"; sourceTree = "<group>"; };
		2A42A71F2BD3C58C0058B5F9 /* MappingModelV1ToV2.xcmappingmodel */ = {isa = PBXFileReference; lastKnownFileType = wrapper.xcmappingmodel; path = MappingModelV1ToV2.xcmappingmodel; sourceTree = "<group>"; };
		2A4AC84D2A67CDF500B216B7 /* BusTimetableManager.swift */ = {isa = PBXFileReference; lastKnownFileType = sourcecode.swift; path = BusTimetableManager.swift; sourceTree = "<group>"; };
		2A5C37032BC68A170070CD62 /* TimetableView.swift */ = {isa = PBXFileReference; lastKnownFileType = sourcecode.swift; path = TimetableView.swift; sourceTree = "<group>"; };
		2A629D592AF0F94B00BBE5C8 /* whenMyBusGo++Bundle.swift */ = {isa = PBXFileReference; lastKnownFileType = sourcecode.swift; path = "whenMyBusGo++Bundle.swift"; sourceTree = "<group>"; };
		2A678B362A65451900E4C360 /* .gitignore */ = {isa = PBXFileReference; lastKnownFileType = text; path = .gitignore; sourceTree = "<group>"; };
		2A6E3CCB2A573CEB0012FCAF /* whenMyBusGo.app */ = {isa = PBXFileReference; explicitFileType = wrapper.application; includeInIndex = 0; path = whenMyBusGo.app; sourceTree = BUILT_PRODUCTS_DIR; };
		2A6E3CD82A573CEB0012FCAF /* whenMyBusGo.xcdatamodel */ = {isa = PBXFileReference; lastKnownFileType = wrapper.xcdatamodel; path = whenMyBusGo.xcdatamodel; sourceTree = "<group>"; };
		2A6E3CDA2A573CEC0012FCAF /* Assets.xcassets */ = {isa = PBXFileReference; lastKnownFileType = folder.assetcatalog; path = Assets.xcassets; sourceTree = "<group>"; };
		2A6F6DD72AF12703008B23ED /* UrlList.plist */ = {isa = PBXFileReference; fileEncoding = 4; lastKnownFileType = text.plist.xml; path = UrlList.plist; sourceTree = "<group>"; };
		2A746B962AED6BF800CB7AE6 /* BusTimetable.swift */ = {isa = PBXFileReference; lastKnownFileType = sourcecode.swift; path = BusTimetable.swift; sourceTree = "<group>"; };
		2A822E5A2B861E2900CC4249 /* WebKit.framework */ = {isa = PBXFileReference; lastKnownFileType = wrapper.framework; name = WebKit.framework; path = System/Library/Frameworks/WebKit.framework; sourceTree = SDKROOT; };
		2A822E5E2B8631DA00CC4249 /* WebViewManager.swift */ = {isa = PBXFileReference; lastKnownFileType = sourcecode.swift; path = WebViewManager.swift; sourceTree = "<group>"; };
		2A860ABE2B6F7AA600A48997 /* HexColor.swift */ = {isa = PBXFileReference; lastKnownFileType = sourcecode.swift; path = HexColor.swift; sourceTree = "<group>"; };
		2A97130F2BAF105600E31C1C /* WhenYangsanBusGoApp.swift */ = {isa = PBXFileReference; lastKnownFileType = sourcecode.swift; path = WhenYangsanBusGoApp.swift; sourceTree = "<group>"; };
		2A9713112BAF127800E31C1C /* HomeView.swift */ = {isa = PBXFileReference; lastKnownFileType = sourcecode.swift; path = HomeView.swift; sourceTree = "<group>"; };
		2A9E128C2BCA8C5300FB487F /* BusInfoView.swift */ = {isa = PBXFileReference; lastKnownFileType = sourcecode.swift; path = BusInfoView.swift; sourceTree = "<group>"; };
		2A9E12912BCE6C2400FB487F /* FooterView.swift */ = {isa = PBXFileReference; lastKnownFileType = sourcecode.swift; path = FooterView.swift; sourceTree = "<group>"; };
		2A9E12932BCE8C8900FB487F /* CategoryButton.swift */ = {isa = PBXFileReference; lastKnownFileType = sourcecode.swift; path = CategoryButton.swift; sourceTree = "<group>"; };
		2AC06A922B7CFCA700DA6570 /* CoreDataManager.swift */ = {isa = PBXFileReference; lastKnownFileType = sourcecode.swift; path = CoreDataManager.swift; sourceTree = "<group>"; };
		2AC06AA82B7D184400DA6570 /* FavoritedBus+CoreDataClass.swift */ = {isa = PBXFileReference; lastKnownFileType = sourcecode.swift; path = "FavoritedBus+CoreDataClass.swift"; sourceTree = "<group>"; };
		2AC06AA92B7D184400DA6570 /* FavoritedBus+CoreDataProperties.swift */ = {isa = PBXFileReference; lastKnownFileType = sourcecode.swift; path = "FavoritedBus+CoreDataProperties.swift"; sourceTree = "<group>"; };
		2AD3CE902AED2F9C00C29702 /* TimeUtils.swift */ = {isa = PBXFileReference; lastKnownFileType = sourcecode.swift; path = TimeUtils.swift; sourceTree = "<group>"; };
		2AEDF3BE2B11823900A7E1DB /* busDatas.json */ = {isa = PBXFileReference; lastKnownFileType = text.json; path = busDatas.json; sourceTree = "<group>"; };
		2AF06BC82C130315000B8B3B /* View+SafeAreaPadding.swift */ = {isa = PBXFileReference; lastKnownFileType = sourcecode.swift; path = "View+SafeAreaPadding.swift"; sourceTree = "<group>"; };
		2AF5A5F12B71286300F794CE /* MenuData.swift */ = {isa = PBXFileReference; lastKnownFileType = sourcecode.swift; path = MenuData.swift; sourceTree = "<group>"; };
		2AF5A5F32B714C6700F794CE /* UIImage+resizeImage.swift */ = {isa = PBXFileReference; lastKnownFileType = sourcecode.swift; path = "UIImage+resizeImage.swift"; sourceTree = "<group>"; };
/* End PBXFileReference section */

/* Begin PBXFrameworksBuildPhase section */
		2A6E3CC82A573CEB0012FCAF /* Frameworks */ = {
			isa = PBXFrameworksBuildPhase;
			buildActionMask = 2147483647;
			files = (
				2A822E5B2B861E2900CC4249 /* WebKit.framework in Frameworks */,
				2A14BCD42AED365F00867A0B /* SnapKit in Frameworks */,
			);
			runOnlyForDeploymentPostprocessing = 0;
		};
/* End PBXFrameworksBuildPhase section */

/* Begin PBXGroup section */
		2A0127582BCFBEC600A19895 /* Views */ = {
			isa = PBXGroup;
			children = (
				2A0127592BCFC00C00A19895 /* HomeMenuView.swift */,
				2A01275B2BCFC04A00A19895 /* HomeFavoritedBusListView.swift */,
			);
			path = Views;
			sourceTree = "<group>";
		};
		2A0622C72C1C820200114A35 /* Views */ = {
			isa = PBXGroup;
			children = (
			);
			path = Views;
			sourceTree = "<group>";
		};
		2A25E3512BC527EF00A18086 /* BusDetailSheet */ = {
			isa = PBXGroup;
			children = (
				2A25E3522BC5281F00A18086 /* BusDetailSheetView.swift */,
				2A5C37002BC687D00070CD62 /* Views */,
			);
			path = BusDetailSheet;
			sourceTree = "<group>";
		};
		2A5C37002BC687D00070CD62 /* Views */ = {
			isa = PBXGroup;
			children = (
				2A5C37032BC68A170070CD62 /* TimetableView.swift */,
				2A9E128C2BCA8C5300FB487F /* BusInfoView.swift */,
				2A9E12912BCE6C2400FB487F /* FooterView.swift */,
			);
			path = Views;
			sourceTree = "<group>";
		};
		2A5C37022BC688120070CD62 /* BusList */ = {
			isa = PBXGroup;
			children = (
				2A0DA7CF2BBFF0B200F234A5 /* BusListView.swift */,
				2A0622C72C1C820200114A35 /* Views */,
			);
			path = BusList;
			sourceTree = "<group>";
		};
		2A6E3CC22A573CEB0012FCAF = {
			isa = PBXGroup;
			children = (
				2A678B362A65451900E4C360 /* .gitignore */,
				2A6E3CCD2A573CEB0012FCAF /* whenMyBusGo */,
				2A6E3CCC2A573CEB0012FCAF /* Products */,
				2A822E592B861E2900CC4249 /* Frameworks */,
			);
			sourceTree = "<group>";
		};
		2A6E3CCC2A573CEB0012FCAF /* Products */ = {
			isa = PBXGroup;
			children = (
				2A6E3CCB2A573CEB0012FCAF /* whenMyBusGo.app */,
			);
			name = Products;
			sourceTree = "<group>";
		};
		2A6E3CCD2A573CEB0012FCAF /* whenMyBusGo */ = {
			isa = PBXGroup;
			children = (
				2AD3CE8D2AED2EDE00C29702 /* Resources */,
				2AD3CE8E2AED2EE600C29702 /* Sources */,
				2AEDF3BE2B11823900A7E1DB /* busDatas.json */,
				2A97130F2BAF105600E31C1C /* WhenYangsanBusGoApp.swift */,
				2A6F6DD72AF12703008B23ED /* UrlList.plist */,
				2A6E3CD72A573CEB0012FCAF /* whenMyBusGo.xcdatamodeld */,
				2A629D592AF0F94B00BBE5C8 /* whenMyBusGo++Bundle.swift */,
			);
			path = whenMyBusGo;
			sourceTree = "<group>";
		};
		2A822E592B861E2900CC4249 /* Frameworks */ = {
			isa = PBXGroup;
			children = (
				2A822E5A2B861E2900CC4249 /* WebKit.framework */,
			);
			name = Frameworks;
			sourceTree = "<group>";
		};
		2A97130D2BAEFF1E00E31C1C /* Presentation */ = {
			isa = PBXGroup;
			children = (
				2A9E128E2BCE53A800FB487F /* Common */,
				2A97130E2BAEFFE300E31C1C /* Home */,
				2A5C37022BC688120070CD62 /* BusList */,
				2A25E3512BC527EF00A18086 /* BusDetailSheet */,
			);
			path = Presentation;
			sourceTree = "<group>";
		};
		2A97130E2BAEFFE300E31C1C /* Home */ = {
			isa = PBXGroup;
			children = (
				2A9713112BAF127800E31C1C /* HomeView.swift */,
				2A0127582BCFBEC600A19895 /* Views */,
			);
			path = Home;
			sourceTree = "<group>";
		};
		2A9E128E2BCE53A800FB487F /* Common */ = {
			isa = PBXGroup;
			children = (
				2AF06BC72C130195000B8B3B /* Extensions */,
				2A9E12932BCE8C8900FB487F /* CategoryButton.swift */,
			);
			path = Common;
			sourceTree = "<group>";
		};
		2AC06A912B7CFC9500DA6570 /* CoreData */ = {
			isa = PBXGroup;
			children = (
				2A42A71F2BD3C58C0058B5F9 /* MappingModelV1ToV2.xcmappingmodel */,
				2AC06AA82B7D184400DA6570 /* FavoritedBus+CoreDataClass.swift */,
				2AC06AA92B7D184400DA6570 /* FavoritedBus+CoreDataProperties.swift */,
			);
			path = CoreData;
			sourceTree = "<group>";
		};
		2AD3CE8C2AED2EAF00C29702 /* Models */ = {
			isa = PBXGroup;
			children = (
				2AC06A912B7CFC9500DA6570 /* CoreData */,
				2A746B962AED6BF800CB7AE6 /* BusTimetable.swift */,
				2A4AC84D2A67CDF500B216B7 /* BusTimetableManager.swift */,
				2AF5A5F12B71286300F794CE /* MenuData.swift */,
				2AC06A922B7CFCA700DA6570 /* CoreDataManager.swift */,
				2A822E5E2B8631DA00CC4249 /* WebViewManager.swift */,
			);
			path = Models;
			sourceTree = "<group>";
		};
		2AD3CE8D2AED2EDE00C29702 /* Resources */ = {
			isa = PBXGroup;
			children = (
				2A6E3CDA2A573CEC0012FCAF /* Assets.xcassets */,
			);
			path = Resources;
			sourceTree = "<group>";
		};
		2AD3CE8E2AED2EE600C29702 /* Sources */ = {
			isa = PBXGroup;
			children = (
				2A97130D2BAEFF1E00E31C1C /* Presentation */,
				2AD3CE8C2AED2EAF00C29702 /* Models */,
				2AD3CE8F2AED2F1900C29702 /* Helpers */,
			);
			path = Sources;
			sourceTree = "<group>";
		};
		2AD3CE8F2AED2F1900C29702 /* Helpers */ = {
			isa = PBXGroup;
			children = (
				2AD3CE902AED2F9C00C29702 /* TimeUtils.swift */,
				2A14BCD72AED37E300867A0B /* Constants.swift */,
				2A23A8B02B499C67007F7B74 /* UIView+addBorder.swift */,
				2A860ABE2B6F7AA600A48997 /* HexColor.swift */,
				2AF5A5F32B714C6700F794CE /* UIImage+resizeImage.swift */,
				2A023FD22B78E96A00123A1E /* CustomButton.swift */,
				2A25E3542BC5323900A18086 /* View+roundSpecificCorners.swift */,
			);
			path = Helpers;
			sourceTree = "<group>";
		};
		2AF06BC72C130195000B8B3B /* Extensions */ = {
			isa = PBXGroup;
			children = (
				2AF06BC82C130315000B8B3B /* View+SafeAreaPadding.swift */,
			);
			path = Extensions;
			sourceTree = "<group>";
		};
/* End PBXGroup section */

/* Begin PBXNativeTarget section */
		2A6E3CCA2A573CEB0012FCAF /* whenMyBusGo */ = {
			isa = PBXNativeTarget;
			buildConfigurationList = 2A6E3CE22A573CEC0012FCAF /* Build configuration list for PBXNativeTarget "whenMyBusGo" */;
			buildPhases = (
				2A6E3CC72A573CEB0012FCAF /* Sources */,
				2A6E3CC82A573CEB0012FCAF /* Frameworks */,
				2A6E3CC92A573CEB0012FCAF /* Resources */,
			);
			buildRules = (
			);
			dependencies = (
			);
			name = whenMyBusGo;
			packageProductDependencies = (
				2A14BCD32AED365F00867A0B /* SnapKit */,
			);
			productName = whenMyBusGo;
			productReference = 2A6E3CCB2A573CEB0012FCAF /* whenMyBusGo.app */;
			productType = "com.apple.product-type.application";
		};
/* End PBXNativeTarget section */

/* Begin PBXProject section */
		2A6E3CC32A573CEB0012FCAF /* Project object */ = {
			isa = PBXProject;
			attributes = {
				BuildIndependentTargetsInParallel = 1;
				LastSwiftUpdateCheck = 1430;
				LastUpgradeCheck = 1500;
				TargetAttributes = {
					2A6E3CCA2A573CEB0012FCAF = {
						CreatedOnToolsVersion = 14.3.1;
					};
				};
			};
			buildConfigurationList = 2A6E3CC62A573CEB0012FCAF /* Build configuration list for PBXProject "whenMyBusGo" */;
			compatibilityVersion = "Xcode 14.0";
			developmentRegion = en;
			hasScannedForEncodings = 0;
			knownRegions = (
				en,
				Base,
			);
			mainGroup = 2A6E3CC22A573CEB0012FCAF;
			packageReferences = (
				2A14BCD22AED365F00867A0B /* XCRemoteSwiftPackageReference "SnapKit" */,
			);
			productRefGroup = 2A6E3CCC2A573CEB0012FCAF /* Products */;
			projectDirPath = "";
			projectRoot = "";
			targets = (
				2A6E3CCA2A573CEB0012FCAF /* whenMyBusGo */,
			);
		};
/* End PBXProject section */

/* Begin PBXResourcesBuildPhase section */
		2A6E3CC92A573CEB0012FCAF /* Resources */ = {
			isa = PBXResourcesBuildPhase;
			buildActionMask = 2147483647;
			files = (
				2AEDF3BF2B11823900A7E1DB /* busDatas.json in Resources */,
				2A678B372A65451900E4C360 /* .gitignore in Resources */,
				2A6F6DD82AF12703008B23ED /* UrlList.plist in Resources */,
				2A6E3CDB2A573CEC0012FCAF /* Assets.xcassets in Resources */,
			);
			runOnlyForDeploymentPostprocessing = 0;
		};
/* End PBXResourcesBuildPhase section */

/* Begin PBXSourcesBuildPhase section */
		2A6E3CC72A573CEB0012FCAF /* Sources */ = {
			isa = PBXSourcesBuildPhase;
			buildActionMask = 2147483647;
			files = (
				2A746B972AED6BF800CB7AE6 /* BusTimetable.swift in Sources */,
				2A0DA7D02BBFF0B200F234A5 /* BusListView.swift in Sources */,
				2A023FD32B78E96A00123A1E /* CustomButton.swift in Sources */,
				2AF5A5F22B71286300F794CE /* MenuData.swift in Sources */,
				2A4AC84E2A67CDF500B216B7 /* BusTimetableManager.swift in Sources */,
				2A9713122BAF127800E31C1C /* HomeView.swift in Sources */,
				2AF06BC92C130315000B8B3B /* View+SafeAreaPadding.swift in Sources */,
				2A6E3CD92A573CEB0012FCAF /* whenMyBusGo.xcdatamodeld in Sources */,
				2AD3CE912AED2F9C00C29702 /* TimeUtils.swift in Sources */,
				2AF5A5F42B714C6700F794CE /* UIImage+resizeImage.swift in Sources */,
				2A9E12922BCE6C2400FB487F /* FooterView.swift in Sources */,
				2AC06A932B7CFCA700DA6570 /* CoreDataManager.swift in Sources */,
				2A9E12942BCE8C8900FB487F /* CategoryButton.swift in Sources */,
				2A42A7202BD3C58C0058B5F9 /* MappingModelV1ToV2.xcmappingmodel in Sources */,
				2A14BCD82AED37E300867A0B /* Constants.swift in Sources */,
				2A25E3552BC5323900A18086 /* View+roundSpecificCorners.swift in Sources */,
				2A9E128D2BCA8C5300FB487F /* BusInfoView.swift in Sources */,
				2A01275A2BCFC00C00A19895 /* HomeMenuView.swift in Sources */,
				2A01275C2BCFC04A00A19895 /* HomeFavoritedBusListView.swift in Sources */,
				2A860ABF2B6F7AA600A48997 /* HexColor.swift in Sources */,
				2A5C37042BC68A170070CD62 /* TimetableView.swift in Sources */,
				2AC06AAB2B7D184400DA6570 /* FavoritedBus+CoreDataProperties.swift in Sources */,
				2A23A8B12B499C67007F7B74 /* UIView+addBorder.swift in Sources */,
				2AC06AAA2B7D184400DA6570 /* FavoritedBus+CoreDataClass.swift in Sources */,
				2A25E3532BC5281F00A18086 /* BusDetailSheetView.swift in Sources */,
				2A629D5A2AF0F94B00BBE5C8 /* whenMyBusGo++Bundle.swift in Sources */,
				2A822E5F2B8631DA00CC4249 /* WebViewManager.swift in Sources */,
				2A9713102BAF105600E31C1C /* WhenYangsanBusGoApp.swift in Sources */,
			);
			runOnlyForDeploymentPostprocessing = 0;
		};
/* End PBXSourcesBuildPhase section */

/* Begin XCBuildConfiguration section */
		2A6E3CE02A573CEC0012FCAF /* Debug */ = {
			isa = XCBuildConfiguration;
			buildSettings = {
				ALWAYS_SEARCH_USER_PATHS = NO;
				ASSETCATALOG_COMPILER_GENERATE_SWIFT_ASSET_SYMBOL_EXTENSIONS = YES;
				CLANG_ANALYZER_NONNULL = YES;
				CLANG_ANALYZER_NUMBER_OBJECT_CONVERSION = YES_AGGRESSIVE;
				CLANG_CXX_LANGUAGE_STANDARD = "gnu++20";
				CLANG_ENABLE_MODULES = YES;
				CLANG_ENABLE_OBJC_ARC = YES;
				CLANG_ENABLE_OBJC_WEAK = YES;
				CLANG_WARN_BLOCK_CAPTURE_AUTORELEASING = YES;
				CLANG_WARN_BOOL_CONVERSION = YES;
				CLANG_WARN_COMMA = YES;
				CLANG_WARN_CONSTANT_CONVERSION = YES;
				CLANG_WARN_DEPRECATED_OBJC_IMPLEMENTATIONS = YES;
				CLANG_WARN_DIRECT_OBJC_ISA_USAGE = YES_ERROR;
				CLANG_WARN_DOCUMENTATION_COMMENTS = YES;
				CLANG_WARN_EMPTY_BODY = YES;
				CLANG_WARN_ENUM_CONVERSION = YES;
				CLANG_WARN_INFINITE_RECURSION = YES;
				CLANG_WARN_INT_CONVERSION = YES;
				CLANG_WARN_NON_LITERAL_NULL_CONVERSION = YES;
				CLANG_WARN_OBJC_IMPLICIT_RETAIN_SELF = YES;
				CLANG_WARN_OBJC_LITERAL_CONVERSION = YES;
				CLANG_WARN_OBJC_ROOT_CLASS = YES_ERROR;
				CLANG_WARN_QUOTED_INCLUDE_IN_FRAMEWORK_HEADER = YES;
				CLANG_WARN_RANGE_LOOP_ANALYSIS = YES;
				CLANG_WARN_STRICT_PROTOTYPES = YES;
				CLANG_WARN_SUSPICIOUS_MOVE = YES;
				CLANG_WARN_UNGUARDED_AVAILABILITY = YES_AGGRESSIVE;
				CLANG_WARN_UNREACHABLE_CODE = YES;
				CLANG_WARN__DUPLICATE_METHOD_MATCH = YES;
				COPY_PHASE_STRIP = NO;
				DEBUG_INFORMATION_FORMAT = dwarf;
				ENABLE_STRICT_OBJC_MSGSEND = YES;
				ENABLE_TESTABILITY = YES;
				ENABLE_USER_SCRIPT_SANDBOXING = YES;
				GCC_C_LANGUAGE_STANDARD = gnu11;
				GCC_DYNAMIC_NO_PIC = NO;
				GCC_NO_COMMON_BLOCKS = YES;
				GCC_OPTIMIZATION_LEVEL = 0;
				GCC_PREPROCESSOR_DEFINITIONS = (
					"DEBUG=1",
					"$(inherited)",
				);
				GCC_WARN_64_TO_32_BIT_CONVERSION = YES;
				GCC_WARN_ABOUT_RETURN_TYPE = YES_ERROR;
				GCC_WARN_UNDECLARED_SELECTOR = YES;
				GCC_WARN_UNINITIALIZED_AUTOS = YES_AGGRESSIVE;
				GCC_WARN_UNUSED_FUNCTION = YES;
				GCC_WARN_UNUSED_VARIABLE = YES;
				IPHONEOS_DEPLOYMENT_TARGET = 17.0;
				MTL_ENABLE_DEBUG_INFO = INCLUDE_SOURCE;
				MTL_FAST_MATH = YES;
				ONLY_ACTIVE_ARCH = YES;
				OTHER_LDFLAGS = "";
				SDKROOT = iphoneos;
				SWIFT_ACTIVE_COMPILATION_CONDITIONS = DEBUG;
				SWIFT_OPTIMIZATION_LEVEL = "-Onone";
			};
			name = Debug;
		};
		2A6E3CE12A573CEC0012FCAF /* Release */ = {
			isa = XCBuildConfiguration;
			buildSettings = {
				ALWAYS_SEARCH_USER_PATHS = NO;
				ASSETCATALOG_COMPILER_GENERATE_SWIFT_ASSET_SYMBOL_EXTENSIONS = YES;
				CLANG_ANALYZER_NONNULL = YES;
				CLANG_ANALYZER_NUMBER_OBJECT_CONVERSION = YES_AGGRESSIVE;
				CLANG_CXX_LANGUAGE_STANDARD = "gnu++20";
				CLANG_ENABLE_MODULES = YES;
				CLANG_ENABLE_OBJC_ARC = YES;
				CLANG_ENABLE_OBJC_WEAK = YES;
				CLANG_WARN_BLOCK_CAPTURE_AUTORELEASING = YES;
				CLANG_WARN_BOOL_CONVERSION = YES;
				CLANG_WARN_COMMA = YES;
				CLANG_WARN_CONSTANT_CONVERSION = YES;
				CLANG_WARN_DEPRECATED_OBJC_IMPLEMENTATIONS = YES;
				CLANG_WARN_DIRECT_OBJC_ISA_USAGE = YES_ERROR;
				CLANG_WARN_DOCUMENTATION_COMMENTS = YES;
				CLANG_WARN_EMPTY_BODY = YES;
				CLANG_WARN_ENUM_CONVERSION = YES;
				CLANG_WARN_INFINITE_RECURSION = YES;
				CLANG_WARN_INT_CONVERSION = YES;
				CLANG_WARN_NON_LITERAL_NULL_CONVERSION = YES;
				CLANG_WARN_OBJC_IMPLICIT_RETAIN_SELF = YES;
				CLANG_WARN_OBJC_LITERAL_CONVERSION = YES;
				CLANG_WARN_OBJC_ROOT_CLASS = YES_ERROR;
				CLANG_WARN_QUOTED_INCLUDE_IN_FRAMEWORK_HEADER = YES;
				CLANG_WARN_RANGE_LOOP_ANALYSIS = YES;
				CLANG_WARN_STRICT_PROTOTYPES = YES;
				CLANG_WARN_SUSPICIOUS_MOVE = YES;
				CLANG_WARN_UNGUARDED_AVAILABILITY = YES_AGGRESSIVE;
				CLANG_WARN_UNREACHABLE_CODE = YES;
				CLANG_WARN__DUPLICATE_METHOD_MATCH = YES;
				COPY_PHASE_STRIP = NO;
				DEBUG_INFORMATION_FORMAT = "dwarf-with-dsym";
				ENABLE_NS_ASSERTIONS = NO;
				ENABLE_STRICT_OBJC_MSGSEND = YES;
				ENABLE_USER_SCRIPT_SANDBOXING = YES;
				GCC_C_LANGUAGE_STANDARD = gnu11;
				GCC_NO_COMMON_BLOCKS = YES;
				GCC_WARN_64_TO_32_BIT_CONVERSION = YES;
				GCC_WARN_ABOUT_RETURN_TYPE = YES_ERROR;
				GCC_WARN_UNDECLARED_SELECTOR = YES;
				GCC_WARN_UNINITIALIZED_AUTOS = YES_AGGRESSIVE;
				GCC_WARN_UNUSED_FUNCTION = YES;
				GCC_WARN_UNUSED_VARIABLE = YES;
				IPHONEOS_DEPLOYMENT_TARGET = 17.0;
				MTL_ENABLE_DEBUG_INFO = NO;
				MTL_FAST_MATH = YES;
				OTHER_LDFLAGS = "";
				SDKROOT = iphoneos;
				SWIFT_COMPILATION_MODE = wholemodule;
				SWIFT_OPTIMIZATION_LEVEL = "-O";
				VALIDATE_PRODUCT = YES;
			};
			name = Release;
		};
		2A6E3CE32A573CEC0012FCAF /* Debug */ = {
			isa = XCBuildConfiguration;
			buildSettings = {
				ASSETCATALOG_COMPILER_APPICON_NAME = AppIcon;
				ASSETCATALOG_COMPILER_GLOBAL_ACCENT_COLOR_NAME = AccentColor;
				CODE_SIGN_STYLE = Automatic;
				CURRENT_PROJECT_VERSION = 1;
				DEVELOPMENT_TEAM = LBK56Y579F;
				GENERATE_INFOPLIST_FILE = YES;
				INFOPLIST_FILE = "";
				INFOPLIST_KEY_UIApplicationSupportsIndirectInputEvents = YES;
				INFOPLIST_KEY_UILaunchStoryboardName = LaunchScreen;
				INFOPLIST_KEY_UIStatusBarStyle = "";
				INFOPLIST_KEY_UISupportedInterfaceOrientations = "UIInterfaceOrientationLandscapeLeft UIInterfaceOrientationLandscapeRight UIInterfaceOrientationPortrait";
				INFOPLIST_KEY_UISupportedInterfaceOrientations_iPad = "UIInterfaceOrientationLandscapeLeft UIInterfaceOrientationLandscapeRight UIInterfaceOrientationPortrait UIInterfaceOrientationPortraitUpsideDown";
				IPHONEOS_DEPLOYMENT_TARGET = 16.0;
				LD_RUNPATH_SEARCH_PATHS = (
					"$(inherited)",
					"@executable_path/Frameworks",
				);
				MARKETING_VERSION = 1.0;
				PRODUCT_BUNDLE_IDENTIFIER = co.iAmOscarLee.whenMyBusGo;
				PRODUCT_NAME = "$(TARGET_NAME)";
				SUPPORTED_PLATFORMS = "iphoneos iphonesimulator";
				SUPPORTS_MACCATALYST = NO;
				SUPPORTS_MAC_DESIGNED_FOR_IPHONE_IPAD = NO;
				SWIFT_EMIT_LOC_STRINGS = YES;
				SWIFT_VERSION = 5.0;
				TARGETED_DEVICE_FAMILY = 1;
			};
			name = Debug;
		};
		2A6E3CE42A573CEC0012FCAF /* Release */ = {
			isa = XCBuildConfiguration;
			buildSettings = {
				ASSETCATALOG_COMPILER_APPICON_NAME = AppIcon;
				ASSETCATALOG_COMPILER_GLOBAL_ACCENT_COLOR_NAME = AccentColor;
				CODE_SIGN_STYLE = Automatic;
				CURRENT_PROJECT_VERSION = 1;
				DEVELOPMENT_TEAM = LBK56Y579F;
				GENERATE_INFOPLIST_FILE = YES;
				INFOPLIST_FILE = "";
				INFOPLIST_KEY_UIApplicationSupportsIndirectInputEvents = YES;
				INFOPLIST_KEY_UILaunchStoryboardName = LaunchScreen;
				INFOPLIST_KEY_UIStatusBarStyle = "";
				INFOPLIST_KEY_UISupportedInterfaceOrientations = "UIInterfaceOrientationLandscapeLeft UIInterfaceOrientationLandscapeRight UIInterfaceOrientationPortrait";
				INFOPLIST_KEY_UISupportedInterfaceOrientations_iPad = "UIInterfaceOrientationLandscapeLeft UIInterfaceOrientationLandscapeRight UIInterfaceOrientationPortrait UIInterfaceOrientationPortraitUpsideDown";
				IPHONEOS_DEPLOYMENT_TARGET = 16.0;
				LD_RUNPATH_SEARCH_PATHS = (
					"$(inherited)",
					"@executable_path/Frameworks",
				);
				MARKETING_VERSION = 1.0;
				PRODUCT_BUNDLE_IDENTIFIER = co.iAmOscarLee.whenMyBusGo;
				PRODUCT_NAME = "$(TARGET_NAME)";
				SUPPORTED_PLATFORMS = "iphoneos iphonesimulator";
				SUPPORTS_MACCATALYST = NO;
				SUPPORTS_MAC_DESIGNED_FOR_IPHONE_IPAD = NO;
				SWIFT_EMIT_LOC_STRINGS = YES;
				SWIFT_VERSION = 5.0;
				TARGETED_DEVICE_FAMILY = 1;
			};
			name = Release;
		};
/* End XCBuildConfiguration section */

/* Begin XCConfigurationList section */
		2A6E3CC62A573CEB0012FCAF /* Build configuration list for PBXProject "whenMyBusGo" */ = {
			isa = XCConfigurationList;
			buildConfigurations = (
				2A6E3CE02A573CEC0012FCAF /* Debug */,
				2A6E3CE12A573CEC0012FCAF /* Release */,
			);
			defaultConfigurationIsVisible = 0;
			defaultConfigurationName = Release;
		};
		2A6E3CE22A573CEC0012FCAF /* Build configuration list for PBXNativeTarget "whenMyBusGo" */ = {
			isa = XCConfigurationList;
			buildConfigurations = (
				2A6E3CE32A573CEC0012FCAF /* Debug */,
				2A6E3CE42A573CEC0012FCAF /* Release */,
			);
			defaultConfigurationIsVisible = 0;
			defaultConfigurationName = Release;
		};
/* End XCConfigurationList section */

/* Begin XCRemoteSwiftPackageReference section */
		2A14BCD22AED365F00867A0B /* XCRemoteSwiftPackageReference "SnapKit" */ = {
			isa = XCRemoteSwiftPackageReference;
			repositoryURL = "https://github.com/SnapKit/SnapKit.git";
			requirement = {
				kind = upToNextMajorVersion;
				minimumVersion = 5.6.0;
			};
		};
/* End XCRemoteSwiftPackageReference section */

/* Begin XCSwiftPackageProductDependency section */
		2A14BCD32AED365F00867A0B /* SnapKit */ = {
			isa = XCSwiftPackageProductDependency;
			package = 2A14BCD22AED365F00867A0B /* XCRemoteSwiftPackageReference "SnapKit" */;
			productName = SnapKit;
		};
/* End XCSwiftPackageProductDependency section */

/* Begin XCVersionGroup section */
		2A6E3CD72A573CEB0012FCAF /* whenMyBusGo.xcdatamodeld */ = {
			isa = XCVersionGroup;
			children = (
				2A42A7162BD3B72B0058B5F9 /* whenMyBusGo v2.xcdatamodel */,
				2A6E3CD82A573CEB0012FCAF /* whenMyBusGo.xcdatamodel */,
			);
			currentVersion = 2A42A7162BD3B72B0058B5F9 /* whenMyBusGo v2.xcdatamodel */;
			path = whenMyBusGo.xcdatamodeld;
			sourceTree = "<group>";
			versionGroupType = wrapper.xcdatamodel;
		};
/* End XCVersionGroup section */
	};
	rootObject = 2A6E3CC32A573CEB0012FCAF /* Project object */;
}
